# THIS IS AN AUTOGENERATED FILE. DO NOT EDIT THIS FILE DIRECTLY.
# yarn lockfile v1


"@supabase/auth-js@2.63.0":
  version "2.63.0"
  resolved "https://registry.yarnpkg.com/@supabase/auth-js/-/auth-js-2.63.0.tgz#41ff746a50a916208c1f2c6898deacf92c6d0b91"
  integrity sha512-yIgcHnlgv24GxHtVGUhwGqAFDyJkPIC/xjx7HostN08A8yCy8HIfl4JEkTKyBqD1v1L05jNEJOUke4Lf4O1+Qg==
  dependencies:
    "@supabase/node-fetch" "^2.6.14"

"@supabase/functions-js@2.3.0":
  version "2.3.0"
  resolved "https://registry.yarnpkg.com/@supabase/functions-js/-/functions-js-2.3.0.tgz#1aeef35cfb5ea608e5ac23e8b1f0614ffe3008a4"
  integrity sha512-GPXzSl4MXdc0P7q+TvE8XgaPdvGBeAJ0p6AN0tbKcezpkp32mpsDf58JXaWOJGyiWSVJn6z1W73eKxf6NZNaFA==
  dependencies:
    "@supabase/node-fetch" "^2.6.14"

"@supabase/node-fetch@2.6.15", "@supabase/node-fetch@^2.6.14":
  version "2.6.15"
  resolved "https://registry.yarnpkg.com/@supabase/node-fetch/-/node-fetch-2.6.15.tgz#731271430e276983191930816303c44159e7226c"
  integrity sha512-1ibVeYUacxWYi9i0cf5efil6adJ9WRyZBLivgjs+AUpewx1F3xPi7gLgaASI2SmIQxPoCEjAsLAzKPgMJVgOUQ==
  dependencies:
    whatwg-url "^5.0.0"

"@supabase/postgrest-js@1.15.2":
  version "1.15.2"
  resolved "https://registry.yarnpkg.com/@supabase/postgrest-js/-/postgrest-js-1.15.2.tgz#c0a725706e3d534570d014d7b713cea12553ab98"
  integrity sha512-9/7pUmXExvGuEK1yZhVYXPZnLEkDTwxgMQHXLrN5BwPZZm4iUCL1YEyep/Z2lIZah8d8M433mVAUEGsihUj5KQ==
  dependencies:
    "@supabase/node-fetch" "^2.6.14"

"@supabase/realtime-js@2.9.4":
  version "2.9.4"
  resolved "https://registry.yarnpkg.com/@supabase/realtime-js/-/realtime-js-2.9.4.tgz#fcadfc167aad8e3798d7188f1c1506326b051bf0"
  integrity sha512-wdq+2hZpgw0r2ldRs87d3U08Y8BrsO1bZxPNqbImpYshAEkusDz4vufR8KaqujKxqewmXS6YnUhuRVdvSEIKCA==
  dependencies:
    "@supabase/node-fetch" "^2.6.14"
    "@types/phoenix" "^1.5.4"
    "@types/ws" "^8.5.10"
    ws "^8.14.2"

"@supabase/storage-js@2.5.5":
  version "2.5.5"
  resolved "https://registry.yarnpkg.com/@supabase/storage-js/-/storage-js-2.5.5.tgz#2958e2a2cec8440e605bb53bd36649288c4dfa01"
  integrity sha512-OpLoDRjFwClwc2cjTJZG8XviTiQH4Ik8sCiMK5v7et0MDu2QlXjCAW3ljxJB5+z/KazdMOTnySi+hysxWUPu3w==
  dependencies:
    "@supabase/node-fetch" "^2.6.14"

"@supabase/supabase-js@^2.42.4":
  version "2.42.4"
  resolved "https://registry.yarnpkg.com/@supabase/supabase-js/-/supabase-js-2.42.4.tgz#1d0cdf8f8d3a1832a74fbf7e5b0ecc148a5a984c"
  integrity sha512-tRn3wloKnnFdmEr3O2VIaxqzKACpyJ3ymLDmeq0V5lvhkJ+B4VH+QmDrnBbJJUkO2t+IHg65j5jombZxU4yMyw==
  dependencies:
    "@supabase/auth-js" "2.63.0"
    "@supabase/functions-js" "2.3.0"
    "@supabase/node-fetch" "2.6.15"
    "@supabase/postgrest-js" "1.15.2"
    "@supabase/realtime-js" "2.9.4"
    "@supabase/storage-js" "2.5.5"

"@types/node@*":
  version "20.12.7"
  resolved "https://registry.yarnpkg.com/@types/node/-/node-20.12.7.tgz#04080362fa3dd6c5822061aa3124f5c152cff384"
  integrity sha512-wq0cICSkRLVaf3UGLMGItu/PtdY7oaXaI/RVU+xliKVOtRna3PRY57ZDfztpDL0n11vfymMUnXv8QwYCO7L1wg==
  dependencies:
    undici-types "~5.26.4"

"@types/phoenix@^1.5.4":
  version "1.6.4"
  resolved "https://registry.yarnpkg.com/@types/phoenix/-/phoenix-1.6.4.tgz#cceac93a827555473ad38057d1df7d06eef1ed71"
  integrity sha512-B34A7uot1Cv0XtaHRYDATltAdKx0BvVKNgYNqE4WjtPUa4VQJM7kxeXcVKaH+KS+kCmZ+6w+QaUdcljiheiBJA==

"@types/ws@^8.5.10":
  version "8.5.10"
  resolved "https://registry.yarnpkg.com/@types/ws/-/ws-8.5.10.tgz#4acfb517970853fa6574a3a6886791d04a396787"
  integrity sha512-vmQSUcfalpIq0R9q7uTo2lXs6eGIpt9wtnLdMv9LVpIjCA/+ufZRozlVoVelIYixx1ugCBKDhn89vnsEGOCx9A==
  dependencies:
    "@types/node" "*"

tr46@~0.0.3:
  version "0.0.3"
  resolved "https://registry.yarnpkg.com/tr46/-/tr46-0.0.3.tgz#8184fd347dac9cdc185992f3a6622e14b9d9ab6a"
  integrity sha512-N3WMsuqV66lT30CrXNbEjx4GEwlow3v6rr4mCcv6prnfwhS01rkgyFdjPNBYd9br7LpXV1+Emh01fHnq2Gdgrw==

undici-types@~5.26.4:
  version "5.26.5"
  resolved "https://registry.yarnpkg.com/undici-types/-/undici-types-5.26.5.tgz#bcd539893d00b56e964fd2657a4866b221a65617"
  integrity sha512-JlCMO+ehdEIKqlFxk6IfVoAUVmgz7cU7zD/h9XZ0qzeosSHmUJVOzSQvvYSYWXkFXC+IfLKSIffhv0sVZup6pA==

webidl-conversions@^3.0.0:
  version "3.0.1"
  resolved "https://registry.yarnpkg.com/webidl-conversions/-/webidl-conversions-3.0.1.tgz#24534275e2a7bc6be7bc86611cc16ae0a5654871"
  integrity sha512-2JAn3z8AR6rjK8Sm8orRC0h/bcl/DqL7tRPdGZ4I1CjdF+EaMLmYxBHyXuKL849eucPFhvBoxMsflfOb8kxaeQ==

whatwg-url@^5.0.0:
  version "5.0.0"
  resolved "https://registry.yarnpkg.com/whatwg-url/-/whatwg-url-5.0.0.tgz#966454e8765462e37644d3626f6742ce8b70965d"
  integrity sha512-saE57nupxk6v3HY35+jzBwYa0rKSy0XR8JSxZPwgLr7ys0IBzhGviA1/TUGJLmSVqs8pb9AnvICXEuOHLprYTw==
  dependencies:
    tr46 "~0.0.3"
    webidl-conversions "^3.0.0"

ws@^8.14.2:
  version "8.16.0"
  resolved "https://registry.yarnpkg.com/ws/-/ws-8.16.0.tgz#d1cd774f36fbc07165066a60e40323eab6446fd4"
  integrity sha512-HS0c//TP7Ina87TfiPUz1rQzMhHrl/SG2guqRcTOIUYD2q8uhUdNHZYJUaQ8aTGPzCh+c6oawMKW35nFl1dxyQ==
